
Microsoft Visual Studio Solution File, Format Version 12.00
# Visual Studio 15
VisualStudioVersion = 15.0.27130.2020
MinimumVisualStudioVersion = 10.0.40219.1
Project("{FAE04EC0-301F-11D3-BF4B-00C04F79EFBC}") = "HotNews", "HotNews\HotNews.csproj", "{36EB1209-65D8-4769-A145-0049388562CE}"
EndProject
Project("{FAE04EC0-301F-11D3-BF4B-00C04F79EFBC}") = "DataNodes", "DataNodes\DataNodes.csproj", "{DAB9902E-ACAD-459F-AF12-268BC6FCC184}"
EndProject
Global
	GlobalSection(SolutionConfigurationPlatforms) = preSolution
		Debug|Any CPU = Debug|Any CPU
		Release|Any CPU = Release|Any CPU
	EndGlobalSection
	GlobalSection(ProjectConfigurationPlatforms) = postSolution
		{36EB1209-65D8-4769-A145-0049388562CE}.Debug|Any CPU.ActiveCfg = Debug|Any CPU
		{36EB1209-65D8-4769-A145-0049388562CE}.Debug|Any CPU.Build.0 = Debug|Any CPU
		{36EB1209-65D8-4769-A145-0049388562CE}.Release|Any CPU.ActiveCfg = Release|Any CPU
		{36EB1209-65D8-4769-A145-0049388562CE}.Release|Any CPU.Build.0 = Release|Any CPU
		{DAB9902E-ACAD-459F-AF12-268BC6FCC184}.Debug|Any CPU.ActiveCfg = Debug|Any CPU
		{DAB9902E-ACAD-459F-AF12-268BC6FCC184}.Debug|Any CPU.Build.0 = Debug|Any CPU
		{DAB9902E-ACAD-459F-AF12-268BC6FCC184}.Release|Any CPU.ActiveCfg = Release|Any CPU
		{DAB9902E-ACAD-459F-AF12-268BC6FCC184}.Release|Any CPU.Build.0 = Release|Any CPU
	EndGlobalSection
	GlobalSection(SolutionProperties) = preSolution
		HideSolutionNode = FALSE
	EndGlobalSection
	GlobalSection(ExtensibilityGlobals) = postSolution
		SolutionGuid = {0E3BBBB7-BC44-461F-B7FD-A8788B91163A}
	EndGlobalSection
EndGlobal
